
Microsoft Visual Studio Solution File, Format Version 12.00
# Visual Studio Version 16
VisualStudioVersion = 16.0.29503.13
MinimumVisualStudioVersion = 10.0.40219.1
Project("{9092AA53-FB77-4645-B42D-1CCCA6BD08BD}") = "TypeScript", "TypeScript.njsproj", "{CA82E593-64AE-4FA9-ACE0-0EAEA8F6F37C}"
EndProject
Global
	GlobalSection(SolutionConfigurationPlatforms) = preSolution
		Debug|Any CPU = Debug|Any CPU
		Release|Any CPU = Release|Any CPU
	EndGlobalSection
	GlobalSection(ProjectConfigurationPlatforms) = postSolution
		{CA82E593-64AE-4FA9-ACE0-0EAEA8F6F37C}.Debug|Any CPU.ActiveCfg = Debug|Any CPU
		{CA82E593-64AE-4FA9-ACE0-0EAEA8F6F37C}.Debug|Any CPU.Build.0 = Debug|Any CPU
		{CA82E593-64AE-4FA9-ACE0-0EAEA8F6F37C}.Release|Any CPU.ActiveCfg = Release|Any CPU
		{CA82E593-64AE-4FA9-ACE0-0EAEA8F6F37C}.Release|Any CPU.Build.0 = Release|Any CPU
	EndGlobalSection
	GlobalSection(SolutionProperties) = preSolution
		HideSolutionNode = FALSE
	EndGlobalSection
	GlobalSection(ExtensibilityGlobals) = postSolution
		SolutionGuid = {76F53FFB-7447-442D-B9A8-46479850A55B}
	EndGlobalSection
EndGlobal
